
Microsoft Visual Studio Solution File, Format Version 12.00
# Visual Studio Version 17
VisualStudioVersion = 17.9.34714.143
MinimumVisualStudioVersion = 10.0.40219.1
Project("{9A19103F-16F7-4668-BE54-9A1E7A4F7556}") = "BlazorShop.Web", "BlazorShop.Web\BlazorShop.Web.csproj", "{5861419B-53C8-44EA-8C54-F1F8C6FB995F}"
EndProject
Project("{9A19103F-16F7-4668-BE54-9A1E7A4F7556}") = "BlazorShop.Api", "BlazorShop.Api\BlazorShop.Api.csproj", "{69BC540E-CCFC-4B9A-8F43-087A6662EE71}"
EndProject
Project("{FAE04EC0-301F-11D3-BF4B-00C04F79EFBC}") = "BlazorShop.Models", "BlazorShop.Models\BlazorShop.Models.csproj", "{5352DDB5-301B-479E-9810-31A05C22EEDF}"
EndProject
Global
	GlobalSection(SolutionConfigurationPlatforms) = preSolution
		Debug|Any CPU = Debug|Any CPU
		Release|Any CPU = Release|Any CPU
	EndGlobalSection
	GlobalSection(ProjectConfigurationPlatforms) = postSolution
		{5861419B-53C8-44EA-8C54-F1F8C6FB995F}.Debug|Any CPU.ActiveCfg = Debug|Any CPU
		{5861419B-53C8-44EA-8C54-F1F8C6FB995F}.Debug|Any CPU.Build.0 = Debug|Any CPU
		{5861419B-53C8-44EA-8C54-F1F8C6FB995F}.Release|Any CPU.ActiveCfg = Release|Any CPU
		{5861419B-53C8-44EA-8C54-F1F8C6FB995F}.Release|Any CPU.Build.0 = Release|Any CPU
		{69BC540E-CCFC-4B9A-8F43-087A6662EE71}.Debug|Any CPU.ActiveCfg = Debug|Any CPU
		{69BC540E-CCFC-4B9A-8F43-087A6662EE71}.Debug|Any CPU.Build.0 = Debug|Any CPU
		{69BC540E-CCFC-4B9A-8F43-087A6662EE71}.Release|Any CPU.ActiveCfg = Release|Any CPU
		{69BC540E-CCFC-4B9A-8F43-087A6662EE71}.Release|Any CPU.Build.0 = Release|Any CPU
		{5352DDB5-301B-479E-9810-31A05C22EEDF}.Debug|Any CPU.ActiveCfg = Debug|Any CPU
		{5352DDB5-301B-479E-9810-31A05C22EEDF}.Debug|Any CPU.Build.0 = Debug|Any CPU
		{5352DDB5-301B-479E-9810-31A05C22EEDF}.Release|Any CPU.ActiveCfg = Release|Any CPU
		{5352DDB5-301B-479E-9810-31A05C22EEDF}.Release|Any CPU.Build.0 = Release|Any CPU
	EndGlobalSection
	GlobalSection(SolutionProperties) = preSolution
		HideSolutionNode = FALSE
	EndGlobalSection
	GlobalSection(ExtensibilityGlobals) = postSolution
		SolutionGuid = {CE20BF2F-5E52-42BA-9083-7A20C150B0B6}
	EndGlobalSection
EndGlobal
